<?xml version="1.0" encoding="utf-8"?>
<Project ToolsVersion="4.0" xmlns="http://schemas.microsoft.com/developer/msbuild/2003">
  <ItemGroup>
    <Filter Include="Twig">
      <UniqueIdentifier>{80278D7C-6C5E-8E0D-154B-741001610A0F}</UniqueIdentifier>
    </Filter>
    <Filter Include="Twig\Events">
      <UniqueIdentifier>{6463BB2F-D018-3425-590D-2EFCC5C12A29}</UniqueIdentifier>
    </Filter>
  </ItemGroup>
  <ItemGroup>
    <ClInclude Include="src\Twig.h" />
    <ClInclude Include="src\Twig\Application.h">
      <Filter>Twig</Filter>
    </ClInclude>
    <ClInclude Include="src\Twig\Core.h">
      <Filter>Twig</Filter>
    </ClInclude>
    <ClInclude Include="src\Twig\EntryPoint.h">
      <Filter>Twig</Filter>
    </ClInclude>
    <ClInclude Include="src\Twig\Events\ApplicationEvent.h">
      <Filter>Twig\Events</Filter>
    </ClInclude>
    <ClInclude Include="src\Twig\Events\Event.h">
      <Filter>Twig\Events</Filter>
    </ClInclude>
    <ClInclude Include="src\Twig\Events\KeyEvent.h">
      <Filter>Twig\Events</Filter>
    </ClInclude>
    <ClInclude Include="src\Twig\Events\MouseEvent.h">
      <Filter>Twig\Events</Filter>
    </ClInclude>
    <ClInclude Include="src\Twig\Log.h">
      <Filter>Twig</Filter>
    </ClInclude>
    <ClInclude Include="src\twigpch.h" />
  </ItemGroup>
  <ItemGroup>
    <ClCompile Include="src\Twig\Application.cpp">
      <Filter>Twig</Filter>
    </ClCompile>
    <ClCompile Include="src\Twig\Log.cpp">
      <Filter>Twig</Filter>
    </ClCompile>
    <ClCompile Include="src\twigpch.cpp" />
  </ItemGroup>
</Project>